
Microsoft Visual Studio Solution File, Format Version 12.00
# Visual Studio 15
VisualStudioVersion = 15.0.28307.902
MinimumVisualStudioVersion = 10.0.40219.1
Project("{FAE04EC0-301F-11D3-BF4B-00C04F79EFBC}") = "ConsoleUI", "ConsoleUI\ConsoleUI.csproj", "{D122C39B-15B5-42AB-B26E-ED3B649A99D5}"
EndProject
Project("{FAE04EC0-301F-11D3-BF4B-00C04F79EFBC}") = "DemoLibrary", "DemoLibrary\DemoLibrary.csproj", "{9A92530B-465F-4259-8E1D-32A42CEF6E37}"
EndProject
Global
	GlobalSection(SolutionConfigurationPlatforms) = preSolution
		Debug|Any CPU = Debug|Any CPU
		Release|Any CPU = Release|Any CPU
	EndGlobalSection
	GlobalSection(ProjectConfigurationPlatforms) = postSolution
		{D122C39B-15B5-42AB-B26E-ED3B649A99D5}.Debug|Any CPU.ActiveCfg = Debug|Any CPU
		{D122C39B-15B5-42AB-B26E-ED3B649A99D5}.Debug|Any CPU.Build.0 = Debug|Any CPU
		{D122C39B-15B5-42AB-B26E-ED3B649A99D5}.Release|Any CPU.ActiveCfg = Release|Any CPU
		{D122C39B-15B5-42AB-B26E-ED3B649A99D5}.Release|Any CPU.Build.0 = Release|Any CPU
		{9A92530B-465F-4259-8E1D-32A42CEF6E37}.Debug|Any CPU.ActiveCfg = Debug|Any CPU
		{9A92530B-465F-4259-8E1D-32A42CEF6E37}.Debug|Any CPU.Build.0 = Debug|Any CPU
		{9A92530B-465F-4259-8E1D-32A42CEF6E37}.Release|Any CPU.ActiveCfg = Release|Any CPU
		{9A92530B-465F-4259-8E1D-32A42CEF6E37}.Release|Any CPU.Build.0 = Release|Any CPU
	EndGlobalSection
	GlobalSection(SolutionProperties) = preSolution
		HideSolutionNode = FALSE
	EndGlobalSection
	GlobalSection(ExtensibilityGlobals) = postSolution
		SolutionGuid = {A074A1ED-E6D3-4A3E-AC5E-08ED9B6F27F6}
	EndGlobalSection
EndGlobal
